
Microsoft Visual Studio Solution File, Format Version 12.00
# Visual Studio Version 16
VisualStudioVersion = 16.0.31410.357
MinimumVisualStudioVersion = 10.0.40219.1
Project("{FAE04EC0-301F-11D3-BF4B-00C04F79EFBC}") = "Shop2", "Shop2\Shop2.csproj", "{9DD52490-4D8F-4F3B-86D1-CAF0DBF0F826}"
EndProject
Global
	GlobalSection(SolutionConfigurationPlatforms) = preSolution
		Debug|Any CPU = Debug|Any CPU
		Release|Any CPU = Release|Any CPU
	EndGlobalSection
	GlobalSection(ProjectConfigurationPlatforms) = postSolution
		{9DD52490-4D8F-4F3B-86D1-CAF0DBF0F826}.Debug|Any CPU.ActiveCfg = Debug|Any CPU
		{9DD52490-4D8F-4F3B-86D1-CAF0DBF0F826}.Debug|Any CPU.Build.0 = Debug|Any CPU
		{9DD52490-4D8F-4F3B-86D1-CAF0DBF0F826}.Release|Any CPU.ActiveCfg = Release|Any CPU
		{9DD52490-4D8F-4F3B-86D1-CAF0DBF0F826}.Release|Any CPU.Build.0 = Release|Any CPU
	EndGlobalSection
	GlobalSection(SolutionProperties) = preSolution
		HideSolutionNode = FALSE
	EndGlobalSection
	GlobalSection(ExtensibilityGlobals) = postSolution
		SolutionGuid = {1624AB3F-1806-428E-A5D6-0483AD9B8514}
	EndGlobalSection
EndGlobal
